// !$*UTF8*$!
{
	archiveVersion = 1;
	classes = {
	};
	objectVersion = 50;
	objects = {

/* Begin PBXBuildFile section */
		7151F2AC24EBB783007C1710 /* AppDelegate.swift in Sources */ = {isa = PBXBuildFile; fileRef = 7151F2AB24EBB783007C1710 /* AppDelegate.swift */; };
		7151F2AE24EBB783007C1710 /* SceneDelegate.swift in Sources */ = {isa = PBXBuildFile; fileRef = 7151F2AD24EBB783007C1710 /* SceneDelegate.swift */; };
		7151F2B024EBB783007C1710 /* ViewController.swift in Sources */ = {isa = PBXBuildFile; fileRef = 7151F2AF24EBB783007C1710 /* ViewController.swift */; };
		7151F2B324EBB783007C1710 /* Main.storyboard in Resources */ = {isa = PBXBuildFile; fileRef = 7151F2B124EBB783007C1710 /* Main.storyboard */; };
		7151F2B524EBB786007C1710 /* Assets.xcassets in Resources */ = {isa = PBXBuildFile; fileRef = 7151F2B424EBB786007C1710 /* Assets.xcassets */; };
		7151F2B824EBB786007C1710 /* LaunchScreen.storyboard in Resources */ = {isa = PBXBuildFile; fileRef = 7151F2B624EBB786007C1710 /* LaunchScreen.storyboard */; };
		715591B024EC775800F03B21 /* CoinData.swift in Sources */ = {isa = PBXBuildFile; fileRef = 715591AF24EC775800F03B21 /* CoinData.swift */; };
		718FC69E24EBDCD10037D0B7 /* CoinManager.swift in Sources */ = {isa = PBXBuildFile; fileRef = 718FC69D24EBDCD10037D0B7 /* CoinManager.swift */; };
		71E16F9624FE69B600DA265D /* Images.xcassets in Resources */ = {isa = PBXBuildFile; fileRef = 71E16F9524FE69B600DA265D /* Images.xcassets */; };
/* End PBXBuildFile section */

/* Begin PBXFileReference section */
		7151F2A824EBB783007C1710 /* izCoin Tracker.app */ = {isa = PBXFileReference; explicitFileType = wrapper.application; includeInIndex = 0; path = "izCoin Tracker.app"; sourceTree = BUILT_PRODUCTS_DIR; };
		7151F2AB24EBB783007C1710 /* AppDelegate.swift */ = {isa = PBXFileReference; lastKnownFileType = sourcecode.swift; path = AppDelegate.swift; sourceTree = "<group>"; };
		7151F2AD24EBB783007C1710 /* SceneDelegate.swift */ = {isa = PBXFileReference; lastKnownFileType = sourcecode.swift; path = SceneDelegate.swift; sourceTree = "<group>"; };
		7151F2AF24EBB783007C1710 /* ViewController.swift */ = {isa = PBXFileReference; lastKnownFileType = sourcecode.swift; path = ViewController.swift; sourceTree = "<group>"; };
		7151F2B224EBB783007C1710 /* Base */ = {isa = PBXFileReference; lastKnownFileType = file.storyboard; name = Base; path = Base.lproj/Main.storyboard; sourceTree = "<group>"; };
		7151F2B424EBB786007C1710 /* Assets.xcassets */ = {isa = PBXFileReference; lastKnownFileType = folder.assetcatalog; path = Assets.xcassets; sourceTree = "<group>"; };
		7151F2B724EBB786007C1710 /* Base */ = {isa = PBXFileReference; lastKnownFileType = file.storyboard; name = Base; path = Base.lproj/LaunchScreen.storyboard; sourceTree = "<group>"; };
		7151F2B924EBB786007C1710 /* Info.plist */ = {isa = PBXFileReference; lastKnownFileType = text.plist.xml; path = Info.plist; sourceTree = "<group>"; };
		715591AF24EC775800F03B21 /* CoinData.swift */ = {isa = PBXFileReference; lastKnownFileType = sourcecode.swift; path = CoinData.swift; sourceTree = "<group>"; };
		718FC69D24EBDCD10037D0B7 /* CoinManager.swift */ = {isa = PBXFileReference; lastKnownFileType = sourcecode.swift; path = CoinManager.swift; sourceTree = "<group>"; };
		71E16F9524FE69B600DA265D /* Images.xcassets */ = {isa = PBXFileReference; lastKnownFileType = folder.assetcatalog; path = Images.xcassets; sourceTree = "<group>"; };
/* End PBXFileReference section */

/* Begin PBXFrameworksBuildPhase section */
		7151F2A524EBB783007C1710 /* Frameworks */ = {
			isa = PBXFrameworksBuildPhase;
			buildActionMask = 2147483647;
			files = (
			);
			runOnlyForDeploymentPostprocessing = 0;
		};
/* End PBXFrameworksBuildPhase section */

/* Begin PBXGroup section */
		7151F29F24EBB783007C1710 = {
			isa = PBXGroup;
			children = (
				7151F2AA24EBB783007C1710 /* izCoin Tracker */,
				7151F2A924EBB783007C1710 /* Products */,
			);
			sourceTree = "<group>";
		};
		7151F2A924EBB783007C1710 /* Products */ = {
			isa = PBXGroup;
			children = (
				7151F2A824EBB783007C1710 /* izCoin Tracker.app */,
			);
			name = Products;
			sourceTree = "<group>";
		};
		7151F2AA24EBB783007C1710 /* izCoin Tracker */ = {
			isa = PBXGroup;
			children = (
				7151F2AB24EBB783007C1710 /* AppDelegate.swift */,
				7151F2AD24EBB783007C1710 /* SceneDelegate.swift */,
				718FC69F24EBDCDC0037D0B7 /* Model */,
				718FC69C24EBDC9C0037D0B7 /* View */,
				718FC69B24EBDC8A0037D0B7 /* Controllers */,
				7151F2B424EBB786007C1710 /* Assets.xcassets */,
				7151F2B624EBB786007C1710 /* LaunchScreen.storyboard */,
				7151F2B924EBB786007C1710 /* Info.plist */,
				71E16F9524FE69B600DA265D /* Images.xcassets */,
			);
			path = "izCoin Tracker";
			sourceTree = "<group>";
		};
		718FC69B24EBDC8A0037D0B7 /* Controllers */ = {
			isa = PBXGroup;
			children = (
				7151F2AF24EBB783007C1710 /* ViewController.swift */,
			);
			path = Controllers;
			sourceTree = "<group>";
		};
		718FC69C24EBDC9C0037D0B7 /* View */ = {
			isa = PBXGroup;
			children = (
				7151F2B124EBB783007C1710 /* Main.storyboard */,
			);
			path = View;
			sourceTree = "<group>";
		};
		718FC69F24EBDCDC0037D0B7 /* Model */ = {
			isa = PBXGroup;
			children = (
				718FC69D24EBDCD10037D0B7 /* CoinManager.swift */,
				715591AF24EC775800F03B21 /* CoinData.swift */,
			);
			path = Model;
			sourceTree = "<group>";
		};
/* End PBXGroup section */

/* Begin PBXNativeTarget section */
		7151F2A724EBB783007C1710 /* izCoin Tracker */ = {
			isa = PBXNativeTarget;
			buildConfigurationList = 7151F2BC24EBB786007C1710 /* Build configuration list for PBXNativeTarget "izCoin Tracker" */;
			buildPhases = (
				7151F2A424EBB783007C1710 /* Sources */,
				7151F2A524EBB783007C1710 /* Frameworks */,
				7151F2A624EBB783007C1710 /* Resources */,
			);
			buildRules = (
			);
			dependencies = (
			);
			name = "izCoin Tracker";
			productName = "izCoin Tracker";
			productReference = 7151F2A824EBB783007C1710 /* izCoin Tracker.app */;
			productType = "com.apple.product-type.application";
		};
/* End PBXNativeTarget section */

/* Begin PBXProject section */
		7151F2A024EBB783007C1710 /* Project object */ = {
			isa = PBXProject;
			attributes = {
				LastSwiftUpdateCheck = 1160;
				LastUpgradeCheck = 1210;
				ORGANIZATIONNAME = "Izzat Jabali";
				TargetAttributes = {
					7151F2A724EBB783007C1710 = {
						CreatedOnToolsVersion = 11.6;
					};
				};
			};
			buildConfigurationList = 7151F2A324EBB783007C1710 /* Build configuration list for PBXProject "izCoin Tracker" */;
			compatibilityVersion = "Xcode 9.3";
			developmentRegion = en;
			hasScannedForEncodings = 0;
			knownRegions = (
				en,
				Base,
			);
			mainGroup = 7151F29F24EBB783007C1710;
			productRefGroup = 7151F2A924EBB783007C1710 /* Products */;
			projectDirPath = "";
			projectRoot = "";
			targets = (
				7151F2A724EBB783007C1710 /* izCoin Tracker */,
			);
		};
/* End PBXProject section */

/* Begin PBXResourcesBuildPhase section */
		7151F2A624EBB783007C1710 /* Resources */ = {
			isa = PBXResourcesBuildPhase;
			buildActionMask = 2147483647;
			files = (
				7151F2B824EBB786007C1710 /* LaunchScreen.storyboard in Resources */,
				71E16F9624FE69B600DA265D /* Images.xcassets in Resources */,
				7151F2B524EBB786007C1710 /* Assets.xcassets in Resources */,
				7151F2B324EBB783007C1710 /* Main.storyboard in Resources */,
			);
			runOnlyForDeploymentPostprocessing = 0;
		};
/* End PBXResourcesBuildPhase section */

/* Begin PBXSourcesBuildPhase section */
		7151F2A424EBB783007C1710 /* Sources */ = {
			isa = PBXSourcesBuildPhase;
			buildActionMask = 2147483647;
			files = (
				718FC69E24EBDCD10037D0B7 /* CoinManager.swift in Sources */,
				7151F2B024EBB783007C1710 /* ViewController.swift in Sources */,
				715591B024EC775800F03B21 /* CoinData.swift in Sources */,
				7151F2AC24EBB783007C1710 /* AppDelegate.swift in Sources */,
				7151F2AE24EBB783007C1710 /* SceneDelegate.swift in Sources */,
			);
			runOnlyForDeploymentPostprocessing = 0;
		};
/* End PBXSourcesBuildPhase section */

/* Begin PBXVariantGroup section */
		7151F2B124EBB783007C1710 /* Main.storyboard */ = {
			isa = PBXVariantGroup;
			children = (
				7151F2B224EBB783007C1710 /* Base */,
			);
			name = Main.storyboard;
			sourceTree = "<group>";
		};
		7151F2B624EBB786007C1710 /* LaunchScreen.storyboard */ = {
			isa = PBXVariantGroup;
			children = (
				7151F2B724EBB786007C1710 /* Base */,
			);
			name = LaunchScreen.storyboard;
			sourceTree = "<group>";
		};
/* End PBXVariantGroup section */

/* Begin XCBuildConfiguration section */
		7151F2BA24EBB786007C1710 /* Debug */ = {
			isa = XCBuildConfiguration;
			buildSettings = {
				ALWAYS_SEARCH_USER_PATHS = NO;
				CLANG_ANALYZER_NONNULL = YES;
				CLANG_ANALYZER_NUMBER_OBJECT_CONVERSION = YES_AGGRESSIVE;
				CLANG_CXX_LANGUAGE_STANDARD = "gnu++14";
				CLANG_CXX_LIBRARY = "libc++";
				CLANG_ENABLE_MODULES = YES;
				CLANG_ENABLE_OBJC_ARC = YES;
				CLANG_ENABLE_OBJC_WEAK = YES;
				CLANG_WARN_BLOCK_CAPTURE_AUTORELEASING = YES;
				CLANG_WARN_BOOL_CONVERSION = YES;
				CLANG_WARN_COMMA = YES;
				CLANG_WARN_CONSTANT_CONVERSION = YES;
				CLANG_WARN_DEPRECATED_OBJC_IMPLEMENTATIONS = YES;
				CLANG_WARN_DIRECT_OBJC_ISA_USAGE = YES_ERROR;
				CLANG_WARN_DOCUMENTATION_COMMENTS = YES;
				CLANG_WARN_EMPTY_BODY = YES;
				CLANG_WARN_ENUM_CONVERSION = YES;
				CLANG_WARN_INFINITE_RECURSION = YES;
				CLANG_WARN_INT_CONVERSION = YES;
				CLANG_WARN_NON_LITERAL_NULL_CONVERSION = YES;
				CLANG_WARN_OBJC_IMPLICIT_RETAIN_SELF = YES;
				CLANG_WARN_OBJC_LITERAL_CONVERSION = YES;
				CLANG_WARN_OBJC_ROOT_CLASS = YES_ERROR;
				CLANG_WARN_QUOTED_INCLUDE_IN_FRAMEWORK_HEADER = YES;
				CLANG_WARN_RANGE_LOOP_ANALYSIS = YES;
				CLANG_WARN_STRICT_PROTOTYPES = YES;
				CLANG_WARN_SUSPICIOUS_MOVE = YES;
				CLANG_WARN_UNGUARDED_AVAILABILITY = YES_AGGRESSIVE;
				CLANG_WARN_UNREACHABLE_CODE = YES;
				CLANG_WARN__DUPLICATE_METHOD_MATCH = YES;
				COPY_PHASE_STRIP = NO;
				DEBUG_INFORMATION_FORMAT = dwarf;
				ENABLE_STRICT_OBJC_MSGSEND = YES;
				ENABLE_TESTABILITY = YES;
				GCC_C_LANGUAGE_STANDARD = gnu11;
				GCC_DYNAMIC_NO_PIC = NO;
				GCC_NO_COMMON_BLOCKS = YES;
				GCC_OPTIMIZATION_LEVEL = 0;
				GCC_PREPROCESSOR_DEFINITIONS = (
					"DEBUG=1",
					"$(inherited)",
				);
				GCC_WARN_64_TO_32_BIT_CONVERSION = YES;
				GCC_WARN_ABOUT_RETURN_TYPE = YES_ERROR;
				GCC_WARN_UNDECLARED_SELECTOR = YES;
				GCC_WARN_UNINITIALIZED_AUTOS = YES_AGGRESSIVE;
				GCC_WARN_UNUSED_FUNCTION = YES;
				GCC_WARN_UNUSED_VARIABLE = YES;
				IPHONEOS_DEPLOYMENT_TARGET = 13.6;
				MTL_ENABLE_DEBUG_INFO = INCLUDE_SOURCE;
				MTL_FAST_MATH = YES;
				ONLY_ACTIVE_ARCH = YES;
				SDKROOT = iphoneos;
				SWIFT_ACTIVE_COMPILATION_CONDITIONS = DEBUG;
				SWIFT_OPTIMIZATION_LEVEL = "-Onone";
			};
			name = Debug;
		};
		7151F2BB24EBB786007C1710 /* Release */ = {
			isa = XCBuildConfiguration;
			buildSettings = {
				ALWAYS_SEARCH_USER_PATHS = NO;
				CLANG_ANALYZER_NONNULL = YES;
				CLANG_ANALYZER_NUMBER_OBJECT_CONVERSION = YES_AGGRESSIVE;
				CLANG_CXX_LANGUAGE_STANDARD = "gnu++14";
				CLANG_CXX_LIBRARY = "libc++";
				CLANG_ENABLE_MODULES = YES;
				CLANG_ENABLE_OBJC_ARC = YES;
				CLANG_ENABLE_OBJC_WEAK = YES;
				CLANG_WARN_BLOCK_CAPTURE_AUTORELEASING = YES;
				CLANG_WARN_BOOL_CONVERSION = YES;
				CLANG_WARN_COMMA = YES;
				CLANG_WARN_CONSTANT_CONVERSION = YES;
				CLANG_WARN_DEPRECATED_OBJC_IMPLEMENTATIONS = YES;
				CLANG_WARN_DIRECT_OBJC_ISA_USAGE = YES_ERROR;
				CLANG_WARN_DOCUMENTATION_COMMENTS = YES;
				CLANG_WARN_EMPTY_BODY = YES;
				CLANG_WARN_ENUM_CONVERSION = YES;
				CLANG_WARN_INFINITE_RECURSION = YES;
				CLANG_WARN_INT_CONVERSION = YES;
				CLANG_WARN_NON_LITERAL_NULL_CONVERSION = YES;
				CLANG_WARN_OBJC_IMPLICIT_RETAIN_SELF = YES;
				CLANG_WARN_OBJC_LITERAL_CONVERSION = YES;
				CLANG_WARN_OBJC_ROOT_CLASS = YES_ERROR;
				CLANG_WARN_QUOTED_INCLUDE_IN_FRAMEWORK_HEADER = YES;
				CLANG_WARN_RANGE_LOOP_ANALYSIS = YES;
				CLANG_WARN_STRICT_PROTOTYPES = YES;
				CLANG_WARN_SUSPICIOUS_MOVE = YES;
				CLANG_WARN_UNGUARDED_AVAILABILITY = YES_AGGRESSIVE;
				CLANG_WARN_UNREACHABLE_CODE = YES;
				CLANG_WARN__DUPLICATE_METHOD_MATCH = YES;
				COPY_PHASE_STRIP = NO;
				DEBUG_INFORMATION_FORMAT = "dwarf-with-dsym";
				ENABLE_NS_ASSERTIONS = NO;
				ENABLE_STRICT_OBJC_MSGSEND = YES;
				GCC_C_LANGUAGE_STANDARD = gnu11;
				GCC_NO_COMMON_BLOCKS = YES;
				GCC_WARN_64_TO_32_BIT_CONVERSION = YES;
				GCC_WARN_ABOUT_RETURN_TYPE = YES_ERROR;
				GCC_WARN_UNDECLARED_SELECTOR = YES;
				GCC_WARN_UNINITIALIZED_AUTOS = YES_AGGRESSIVE;
				GCC_WARN_UNUSED_FUNCTION = YES;
				GCC_WARN_UNUSED_VARIABLE = YES;
				IPHONEOS_DEPLOYMENT_TARGET = 13.6;
				MTL_ENABLE_DEBUG_INFO = NO;
				MTL_FAST_MATH = YES;
				SDKROOT = iphoneos;
				SWIFT_COMPILATION_MODE = wholemodule;
				SWIFT_OPTIMIZATION_LEVEL = "-O";
				VALIDATE_PRODUCT = YES;
			};
			name = Release;
		};
		7151F2BD24EBB786007C1710 /* Debug */ = {
			isa = XCBuildConfiguration;
			buildSettings = {
				ASSETCATALOG_COMPILER_APPICON_NAME = AppIcon;
				CODE_SIGN_ENTITLEMENTS = "";
				CODE_SIGN_STYLE = Automatic;
				DEVELOPMENT_TEAM = GU6W6JBYVD;
				INFOPLIST_FILE = "izCoin Tracker/Info.plist";
				LD_RUNPATH_SEARCH_PATHS = (
					"$(inherited)",
					"@executable_path/Frameworks",
				);
				PRODUCT_BUNDLE_IDENTIFIER = "com.izzatjabali.izCoin-Tracker";
				PRODUCT_NAME = "$(TARGET_NAME)";
				SUPPORTS_MACCATALYST = NO;
				SWIFT_VERSION = 5.0;
				TARGETED_DEVICE_FAMILY = "1,2";
			};
			name = Debug;
		};
		7151F2BE24EBB786007C1710 /* Release */ = {
			isa = XCBuildConfiguration;
			buildSettings = {
				ASSETCATALOG_COMPILER_APPICON_NAME = AppIcon;
				CODE_SIGN_ENTITLEMENTS = "";
				CODE_SIGN_STYLE = Automatic;
				DEVELOPMENT_TEAM = GU6W6JBYVD;
				INFOPLIST_FILE = "izCoin Tracker/Info.plist";
				LD_RUNPATH_SEARCH_PATHS = (
					"$(inherited)",
					"@executable_path/Frameworks",
				);
				PRODUCT_BUNDLE_IDENTIFIER = "com.izzatjabali.izCoin-Tracker";
				PRODUCT_NAME = "$(TARGET_NAME)";
				SUPPORTS_MACCATALYST = NO;
				SWIFT_VERSION = 5.0;
				TARGETED_DEVICE_FAMILY = "1,2";
			};
			name = Release;
		};
/* End XCBuildConfiguration section */

/* Begin XCConfigurationList section */
		7151F2A324EBB783007C1710 /* Build configuration list for PBXProject "izCoin Tracker" */ = {
			isa = XCConfigurationList;
			buildConfigurations = (
				7151F2BA24EBB786007C1710 /* Debug */,
				7151F2BB24EBB786007C1710 /* Release */,
			);
			defaultConfigurationIsVisible = 0;
			defaultConfigurationName = Release;
		};
		7151F2BC24EBB786007C1710 /* Build configuration list for PBXNativeTarget "izCoin Tracker" */ = {
			isa = XCConfigurationList;
			buildConfigurations = (
				7151F2BD24EBB786007C1710 /* Debug */,
				7151F2BE24EBB786007C1710 /* Release */,
			);
			defaultConfigurationIsVisible = 0;
			defaultConfigurationName = Release;
		};
/* End XCConfigurationList section */
	};
	rootObject = 7151F2A024EBB783007C1710 /* Project object */;
}
